// !$*UTF8*$!
{
	archiveVersion = 1;
	classes = {
	};
	objectVersion = 77;
	objects = {

/* Begin PBXBuildFile section */
		02B4792DF3371101FFF3C3D8 /* RecorderViewModelFrameCoachTests.swift in Sources */ = {isa = PBXBuildFile; fileRef = 2323C7A719CAF48D6F66C674 /* RecorderViewModelFrameCoachTests.swift */; };
		04C6E6BE0D6AB1869D8ECD3B /* RecordingPreset.swift in Sources */ = {isa = PBXBuildFile; fileRef = 0309AC3C78BEE9752D58129C /* RecordingPreset.swift */; };
		058B7A5DD9D058A37BE8C594 /* AutoReframeTimelineTests.swift in Sources */ = {isa = PBXBuildFile; fileRef = 1EA3A3B248D1201AFB0952BC /* AutoReframeTimelineTests.swift */; };
		08267414A3356B1F3EAC7FC6 /* ScreenRecording.swift in Sources */ = {isa = PBXBuildFile; fileRef = 0DC7179E943FE1E7545AF93C /* ScreenRecording.swift */; };
		09DC68F65574FAC42A61495A /* FMModeSelector.swift in Sources */ = {isa = PBXBuildFile; fileRef = CEB2AFD9DF1C5E28C0D11563 /* FMModeSelector.swift */; };
		09FC3735A6DCCC5616297BCB /* baslama.wav in Resources */ = {isa = PBXBuildFile; fileRef = 4628C8728F0EF2FB94D21B74 /* baslama.wav */; };
		0E11C0D91BF0894B682C7F16 /* MainWindowPresentation.swift in Sources */ = {isa = PBXBuildFile; fileRef = F75423679EDA5582C63E20FF /* MainWindowPresentation.swift */; };
		0E27DF6047A2B897E4B0C670 /* FrameAnalysisService.swift in Sources */ = {isa = PBXBuildFile; fileRef = CA354858AA041056F9F6DD0A /* FrameAnalysisService.swift */; };
		0E9EECADD2F16299B805B504 /* GlobalHotkeyMonitor.swift in Sources */ = {isa = PBXBuildFile; fileRef = B413F2D223267FA0A32CFF83 /* GlobalHotkeyMonitor.swift */; };
		125D6FE0B432207B09ECD6AD /* ScreenCaptureSource.swift in Sources */ = {isa = PBXBuildFile; fileRef = 89EE4BBF2C45782CF98E7B9E /* ScreenCaptureSource.swift */; };
		1365DBCA72E42695941BACFF /* KeyboardShortcutTimeline.swift in Sources */ = {isa = PBXBuildFile; fileRef = 2380DDB63649E3693B01B7E1 /* KeyboardShortcutTimeline.swift */; };
		13802037D7958B18CC65C684 /* ScreenCameraOverlaySize.swift in Sources */ = {isa = PBXBuildFile; fileRef = B533458F9E7C33CA0FFBD44B /* ScreenCameraOverlaySize.swift */; };
		1439C8447D365FFCB71909A4 /* SessionConfigurationRunnerTests.swift in Sources */ = {isa = PBXBuildFile; fileRef = 9206F5D8AD6B4D9840FECBC0 /* SessionConfigurationRunnerTests.swift */; };
		1A0B59B0AC644B570DD4A9E1 /* CursorHighlightRecorder.swift in Sources */ = {isa = PBXBuildFile; fileRef = 17800447671910879AFC1376 /* CursorHighlightRecorder.swift */; };
		1DC6CFCFAAB1E1263BF9D4D3 /* MicrophoneAudioRecorder.swift in Sources */ = {isa = PBXBuildFile; fileRef = DE7BAA137D4D7D0507732CD1 /* MicrophoneAudioRecorder.swift */; };
		1E811C12E4636D93E4A1B7A4 /* Assets.xcassets in Resources */ = {isa = PBXBuildFile; fileRef = 11D9C245A5B32E5CA7B70EE6 /* Assets.xcassets */; };
		1F913DD08373861E9F20C988 /* MenuBarController.swift in Sources */ = {isa = PBXBuildFile; fileRef = B6CC3850B0A049070C42D181 /* MenuBarController.swift */; };
		2009BE896B114C2DE3BA6B46 /* XcodeProjectConfigurationTests.swift in Sources */ = {isa = PBXBuildFile; fileRef = AA6A0ADA1412E14EB40EC538 /* XcodeProjectConfigurationTests.swift */; };
		29A091479E42A0E6B0125008 /* FrameCoachingProfile.swift in Sources */ = {isa = PBXBuildFile; fileRef = AF7EDA1BCD320BEE436F9A95 /* FrameCoachingProfile.swift */; };
		2A537496A9C9BCAA1EA32315 /* AutoReframeTimeline.swift in Sources */ = {isa = PBXBuildFile; fileRef = A4E2D5ACCBC8E8335D5957E4 /* AutoReframeTimeline.swift */; };
		2DE4BEBC00E03DB7357BA4DE /* CaptureCoachingEngineTests.swift in Sources */ = {isa = PBXBuildFile; fileRef = CC4CA8A309E7D091B9F77125 /* CaptureCoachingEngineTests.swift */; };
		2EFC2FBAD022B913BDB5BED9 /* AppAccessManager.swift in Sources */ = {isa = PBXBuildFile; fileRef = F7D6AAFD5671A9413C5E9EAC /* AppAccessManager.swift */; };
		310A69DD616122B215231059 /* VideoRecorderApp.swift in Sources */ = {isa = PBXBuildFile; fileRef = DBF2C86A04E076B902883029 /* VideoRecorderApp.swift */; };
		326A248C987576462DC8B591 /* MenuBarControllerTests.swift in Sources */ = {isa = PBXBuildFile; fileRef = 6E1496EE021F361F75D73BA3 /* MenuBarControllerTests.swift */; };
		340F3ABE936E7C7DEB9DC204 /* Localizable.xcstrings in Resources */ = {isa = PBXBuildFile; fileRef = E529062356BC613201458B3F /* Localizable.xcstrings */; };
		3840826D1E883D56915CD870 /* RecordingModeTests.swift in Sources */ = {isa = PBXBuildFile; fileRef = 7065951C1694B145EE150258 /* RecordingModeTests.swift */; };
		394933ED169CDCD0FA632BD9 /* SessionConfigurationRunner.swift in Sources */ = {isa = PBXBuildFile; fileRef = 084BD3F93C154D8302AFE156 /* SessionConfigurationRunner.swift */; };
		3BFE585B622A1182FD528F13 /* FrameCoachSpatialCueResolver.swift in Sources */ = {isa = PBXBuildFile; fileRef = 21E9A66016237972FE006739 /* FrameCoachSpatialCueResolver.swift */; };
		3EBEE1D275F318EC2D38984D /* RecordButton.swift in Sources */ = {isa = PBXBuildFile; fileRef = 1DF9C0DAA793EEA24B1F9956 /* RecordButton.swift */; };
		400327244890B7F029D68158 /* FrameLightingAnalyzer.swift in Sources */ = {isa = PBXBuildFile; fileRef = 167A3E84E02B38AAE85A6195 /* FrameLightingAnalyzer.swift */; };
		46C4EDB1C9E3EBFBF1482D39 /* GlobalHotkeyMonitorTests.swift in Sources */ = {isa = PBXBuildFile; fileRef = 4B78DB269D5B6607B3E26408 /* GlobalHotkeyMonitorTests.swift */; };
		4F395BBB27C1AFF8BB675C01 /* KeyboardShortcutFormatterTests.swift in Sources */ = {isa = PBXBuildFile; fileRef = 2AA6DF724532FDB6040357D2 /* KeyboardShortcutFormatterTests.swift */; };
		5370C9DAFE1190133281912B /* CaptureRecorder.swift in Sources */ = {isa = PBXBuildFile; fileRef = 5E10B2B69786BACF5540A4F1 /* CaptureRecorder.swift */; };
		5549F76673DA1A8E5BE627A8 /* CursorHighlightTimeline.swift in Sources */ = {isa = PBXBuildFile; fileRef = B3C20F167D5CB1785261365F /* CursorHighlightTimeline.swift */; };
		612AA89490ACD1B2496D2A24 /* ScreenCameraOverlayPositionTests.swift in Sources */ = {isa = PBXBuildFile; fileRef = A569768419F1A32BED10FD24 /* ScreenCameraOverlayPositionTests.swift */; };
		62186C7B5C4D203A7A74A084 /* FrameCoachSpatialCueResolverTests.swift in Sources */ = {isa = PBXBuildFile; fileRef = 3E537B11A4FB8C0D1EFE7492 /* FrameCoachSpatialCueResolverTests.swift */; };
		62336406E3FAAB42B2F1DCCE /* SleepPreventerTests.swift in Sources */ = {isa = PBXBuildFile; fileRef = 41FAF64CFDE1C0EA746A6E7F /* SleepPreventerTests.swift */; };
		66E309F8A3E951B6AE59DCCB /* FMCard.swift in Sources */ = {isa = PBXBuildFile; fileRef = 67465CBE687C5A13E09C6385 /* FMCard.swift */; };
		67053A90FACDDCA254710D60 /* RecordingAudioMixBuilder.swift in Sources */ = {isa = PBXBuildFile; fileRef = E37BB423E8B231AD8B32B652 /* RecordingAudioMixBuilder.swift */; };
		6B6A3CE465AE5280F676836C /* SystemAudioRecorder.swift in Sources */ = {isa = PBXBuildFile; fileRef = C456EA98E1DEEB1F5D77D9AD /* SystemAudioRecorder.swift */; };
		6CB90E91E0B93A6756DA1AFC /* RecordingSource.swift in Sources */ = {isa = PBXBuildFile; fileRef = 20D6A861F00E9933EFE8D532 /* RecordingSource.swift */; };
		6E9D62E99CDFCC3332BCE676 /* ScreenRecorder.swift in Sources */ = {isa = PBXBuildFile; fileRef = 42532B80FBC767A2B09702C4 /* ScreenRecorder.swift */; };
		7086A128EABBE902F20FD697 /* ara.wav in Resources */ = {isa = PBXBuildFile; fileRef = 1C01FAE70D4B69B65EBE30F2 /* ara.wav */; };
		75CFEC1170FBF75F77B00C67 /* RecorderViewModel.swift in Sources */ = {isa = PBXBuildFile; fileRef = 8C58262F591AC851051CE0F3 /* RecorderViewModel.swift */; };
		762E0F1CDD08B048CE48CBF1 /* SpeechCuePlayer.swift in Sources */ = {isa = PBXBuildFile; fileRef = 887EC5FFA4C53F9822CA00C9 /* SpeechCuePlayer.swift */; };
		7649CB4EEB3A1635A31BE486 /* FrameCoachSpatialCue.swift in Sources */ = {isa = PBXBuildFile; fileRef = 87AC23526353405639B26E39 /* FrameCoachSpatialCue.swift */; };
		7A57CA602F44DF05AE091170 /* AutoReframeSmootherTests.swift in Sources */ = {isa = PBXBuildFile; fileRef = 974301CD1E39F82E145E689D /* AutoReframeSmootherTests.swift */; };
		7AA8E929702193391A3245DE /* SpatialCoachCuePlayer.swift in Sources */ = {isa = PBXBuildFile; fileRef = BC96559D02B443C25E5D0E4D /* SpatialCoachCuePlayer.swift */; };
		7B760C9F52B64CF5D51F196B /* FrameAnalysis.swift in Sources */ = {isa = PBXBuildFile; fileRef = 0E0B4C29E3CF3E24B8425A29 /* FrameAnalysis.swift */; };
		7FFBFCE683CD14A699E3FA77 /* FMToastOverlay.swift in Sources */ = {isa = PBXBuildFile; fileRef = EFEF838B030E6C4E51D8B699 /* FMToastOverlay.swift */; };
		829F3C0866752B0111A77FDD /* AutoReframeEngineTests.swift in Sources */ = {isa = PBXBuildFile; fileRef = 996492C242A2D9611F020500 /* AutoReframeEngineTests.swift */; };
		89903F29C58B233627178827 /* IOKit.framework in Frameworks */ = {isa = PBXBuildFile; fileRef = 0E3D6688BAB85B8AF2CC3C69 /* IOKit.framework */; };
		8E2334894ABAE707D084B5A5 /* AutoReframeSmoother.swift in Sources */ = {isa = PBXBuildFile; fileRef = AAE53F1C7B29FFFBB9E8AF92 /* AutoReframeSmoother.swift */; };
		9279085C8EDD2816BA46D7B2 /* CameraOverlayRecorder.swift in Sources */ = {isa = PBXBuildFile; fileRef = A9EF7F5DCF5CE3C8931F02AC /* CameraOverlayRecorder.swift */; };
		941F540A255B092377996D09 /* ScreenRecordingCompositionPreview.swift in Sources */ = {isa = PBXBuildFile; fileRef = 28552F79DAF360EF7EFD133B /* ScreenRecordingCompositionPreview.swift */; };
		94963B16D252B151C51BEACE /* FrameMateColors.swift in Sources */ = {isa = PBXBuildFile; fileRef = 70D1BA0C37FFA3D832609BF2 /* FrameMateColors.swift */; };
		953708B90D9B730A9AE3AB34 /* CameraVideoEffectsGuard.swift in Sources */ = {isa = PBXBuildFile; fileRef = B4C940DC90897B7281E12412 /* CameraVideoEffectsGuard.swift */; };
		96ECDE5A92406A946659C74D /* RecordingFileNamerTests.swift in Sources */ = {isa = PBXBuildFile; fileRef = BECE9288FACCD400388879C5 /* RecordingFileNamerTests.swift */; };
		9AB7FA0E63452B36326FDB86 /* bitis.wav in Resources */ = {isa = PBXBuildFile; fileRef = B791F8BEA905CA54DC936506 /* bitis.wav */; };
		A286B927BB409845EDB102D3 /* StatusPill.swift in Sources */ = {isa = PBXBuildFile; fileRef = C18853E84CE11D7915C79B42 /* StatusPill.swift */; };
		A2BC10365C51ECA027FF86D5 /* SpeechCuePlayerTests.swift in Sources */ = {isa = PBXBuildFile; fileRef = C0338B60DC8C961D933971FA /* SpeechCuePlayerTests.swift */; };
		A2F2150D69CFCBE3541D47E5 /* SpatialCoachCuePlayerTests.swift in Sources */ = {isa = PBXBuildFile; fileRef = 5CBD888A8B3EEF33EEF0ED88 /* SpatialCoachCuePlayerTests.swift */; };
		A3C08AC023F56AEDF63F07D5 /* SleepPreventer.swift in Sources */ = {isa = PBXBuildFile; fileRef = 085C43E4F5E5346EBD9A6A6D /* SleepPreventer.swift */; };
		A584CACA415D2BCA416D53AF /* ContentView.swift in Sources */ = {isa = PBXBuildFile; fileRef = 60DDC2EBA03572B84E525F1B /* ContentView.swift */; };
		A768689F875BC784064DCC88 /* VideoPreviewView.swift in Sources */ = {isa = PBXBuildFile; fileRef = F2BC5CA5934DD55E4950F6AE /* VideoPreviewView.swift */; };
		A9101530956668E1070035F1 /* InfoPlist.xcstrings in Resources */ = {isa = PBXBuildFile; fileRef = 30F508ECBA31C7E15F0CD305 /* InfoPlist.xcstrings */; };
		A93C971D079E4F5111D9A331 /* ScreenRecorderTests.swift in Sources */ = {isa = PBXBuildFile; fileRef = B3D640EF51EE60851D353C5E /* ScreenRecorderTests.swift */; };
		AE716CA1BB46498C17DC8A04 /* ScreenCameraOverlayCompositionBuilderTests.swift in Sources */ = {isa = PBXBuildFile; fileRef = 07D96D1084EB6F2943E8D1AA /* ScreenCameraOverlayCompositionBuilderTests.swift */; };
		AEBC328D617B40B7B6FDCBEE /* RecorderViewModelTests.swift in Sources */ = {isa = PBXBuildFile; fileRef = 5801EEE68F53A584BED5D941 /* RecorderViewModelTests.swift */; };
		B3CD12FC8E97F7B47FDE1677 /* RecordingPauseTimeline.swift in Sources */ = {isa = PBXBuildFile; fileRef = 4B03BEA124956A7C98BECA08 /* RecordingPauseTimeline.swift */; };
		BD24B625051E641896BE728B /* CaptureCoachingEngine.swift in Sources */ = {isa = PBXBuildFile; fileRef = F903CAF3F55C66433129F58D /* CaptureCoachingEngine.swift */; };
		BD2E54E323CC5ABE6F1FD451 /* FrameCoachingEngineTests.swift in Sources */ = {isa = PBXBuildFile; fileRef = 39F2E4288D03956E5026A5CC /* FrameCoachingEngineTests.swift */; };
		BDA85A75FDE51A918BAAD77E /* TestSupport.swift in Sources */ = {isa = PBXBuildFile; fileRef = 68A11E453278FF1EAD623443 /* TestSupport.swift */; };
		BE84B70B26A8636B100C6FE1 /* AutoReframeCompositionBuilder.swift in Sources */ = {isa = PBXBuildFile; fileRef = 8C3B4E691082FD5C4BA85925 /* AutoReframeCompositionBuilder.swift */; };
		BFE1620132789FDC582CF8F0 /* FrameCoachingEngine.swift in Sources */ = {isa = PBXBuildFile; fileRef = 5261B4B87122EA187FB5B63F /* FrameCoachingEngine.swift */; };
		C200009C31E49CFA9E97031F /* VideoRecorderApplication.swift in Sources */ = {isa = PBXBuildFile; fileRef = 5AE1BF47D4C1F48CEFCD697C /* VideoRecorderApplication.swift */; };
		C5412C3AA2142A8572B9A429 /* AppAccessManagerTests.swift in Sources */ = {isa = PBXBuildFile; fileRef = 991976D63535AE541E17D551 /* AppAccessManagerTests.swift */; };
		C9FEC739A473C6ABFB021C73 /* ScreenCameraOverlayPosition.swift in Sources */ = {isa = PBXBuildFile; fileRef = 7F49D6AF5042BC7D77AB81EB /* ScreenCameraOverlayPosition.swift */; };
		CA9586C6EE9F633172303444 /* KeyboardShortcutRecorder.swift in Sources */ = {isa = PBXBuildFile; fileRef = B77A6F90716EE30079C49119 /* KeyboardShortcutRecorder.swift */; };
		D4A525028F448718B3356BB0 /* RecorderViewModelCountdownTests.swift in Sources */ = {isa = PBXBuildFile; fileRef = AEA4E00CCCAA399A5C56236F /* RecorderViewModelCountdownTests.swift */; };
		D8AB2C2A1325BC5707BF5F4B /* MainWindowPresentationPolicyTests.swift in Sources */ = {isa = PBXBuildFile; fileRef = F54A3B85F0A27181CDDB9065 /* MainWindowPresentationPolicyTests.swift */; };
		DF895373E8337E7686EF2366 /* MicrophoneAudioRecorderTests.swift in Sources */ = {isa = PBXBuildFile; fileRef = 378A0CC419DF9658E61E06A7 /* MicrophoneAudioRecorderTests.swift */; };
		E25AB9E35011A16EEDB8B1E6 /* OnboardingView.swift in Sources */ = {isa = PBXBuildFile; fileRef = C99CE1952383341972E47C8A /* OnboardingView.swift */; };
		E271FEF2BAB5BC8874070436 /* RecordingPresetTests.swift in Sources */ = {isa = PBXBuildFile; fileRef = C6DC2E9856E96D194EE04008 /* RecordingPresetTests.swift */; };
		E975F4D5977A3BB30F5E2961 /* RecordingAudioMixBuilderTests.swift in Sources */ = {isa = PBXBuildFile; fileRef = 60627CB0646F2C7480F4D0BE /* RecordingAudioMixBuilderTests.swift */; };
		EB34B3EAA3A6C461166478BA /* RecordingMode.swift in Sources */ = {isa = PBXBuildFile; fileRef = DA52A7BC68075D3AADE54E86 /* RecordingMode.swift */; };
		EB50B2B8CD32DAECAE768BF0 /* FrameLightingAnalyzerTests.swift in Sources */ = {isa = PBXBuildFile; fileRef = 03054F6D51E95DFAB3C22873 /* FrameLightingAnalyzerTests.swift */; };
		EB64D707AE57A5820F8474A3 /* yeni-ses.wav in Resources */ = {isa = PBXBuildFile; fileRef = 3D60627DB6F3BE203C3F1321 /* yeni-ses.wav */; };
		EFAE1A5719B96F48EC00351B /* SoundEffectPlayer.swift in Sources */ = {isa = PBXBuildFile; fileRef = F46C69822B8A4BE5D03FE9D5 /* SoundEffectPlayer.swift */; };
		F0BFD611227AFB8BB1832954 /* RecordingFileNamer.swift in Sources */ = {isa = PBXBuildFile; fileRef = 0FFC2DE1A903B40C84D7B5A6 /* RecordingFileNamer.swift */; };
		F28E5C0CBD3756D3667B5157 /* AutoReframeCrop.swift in Sources */ = {isa = PBXBuildFile; fileRef = 1E010B636983F5620AB764F6 /* AutoReframeCrop.swift */; };
		F51D66358371C8476682D389 /* CameraVideoEffectsGuardTests.swift in Sources */ = {isa = PBXBuildFile; fileRef = AB019865F6CB8523138B321E /* CameraVideoEffectsGuardTests.swift */; };
		F9BB03C3B95E6BC3144ECB9D /* ScreenCameraOverlayCompositionBuilder.swift in Sources */ = {isa = PBXBuildFile; fileRef = 5E0459C08C2C46714D0F7727 /* ScreenCameraOverlayCompositionBuilder.swift */; };
		FA52ED29DCE2D8457666A403 /* AutoReframeEngine.swift in Sources */ = {isa = PBXBuildFile; fileRef = AF3314C8F7EE25C8F99A1545 /* AutoReframeEngine.swift */; };
/* End PBXBuildFile section */

/* Begin PBXContainerItemProxy section */
		EB54A7A7CEE50DFC26D186E5 /* PBXContainerItemProxy */ = {
			isa = PBXContainerItemProxy;
			containerPortal = 4ACFF952F1004B008FEFBBE5 /* Project object */;
			proxyType = 1;
			remoteGlobalIDString = 7536C9796568BC62B495DCAF;
			remoteInfo = FrameMate;
		};
/* End PBXContainerItemProxy section */

/* Begin PBXFileReference section */
		03054F6D51E95DFAB3C22873 /* FrameLightingAnalyzerTests.swift */ = {isa = PBXFileReference; lastKnownFileType = sourcecode.swift; path = FrameLightingAnalyzerTests.swift; sourceTree = "<group>"; };
		0309AC3C78BEE9752D58129C /* RecordingPreset.swift */ = {isa = PBXFileReference; lastKnownFileType = sourcecode.swift; path = RecordingPreset.swift; sourceTree = "<group>"; };
		07D96D1084EB6F2943E8D1AA /* ScreenCameraOverlayCompositionBuilderTests.swift */ = {isa = PBXFileReference; lastKnownFileType = sourcecode.swift; path = ScreenCameraOverlayCompositionBuilderTests.swift; sourceTree = "<group>"; };
		084BD3F93C154D8302AFE156 /* SessionConfigurationRunner.swift */ = {isa = PBXFileReference; lastKnownFileType = sourcecode.swift; path = SessionConfigurationRunner.swift; sourceTree = "<group>"; };
		085C43E4F5E5346EBD9A6A6D /* SleepPreventer.swift */ = {isa = PBXFileReference; lastKnownFileType = sourcecode.swift; path = SleepPreventer.swift; sourceTree = "<group>"; };
		0DC7179E943FE1E7545AF93C /* ScreenRecording.swift */ = {isa = PBXFileReference; lastKnownFileType = sourcecode.swift; path = ScreenRecording.swift; sourceTree = "<group>"; };
		0E0B4C29E3CF3E24B8425A29 /* FrameAnalysis.swift */ = {isa = PBXFileReference; lastKnownFileType = sourcecode.swift; path = FrameAnalysis.swift; sourceTree = "<group>"; };
		0E3D6688BAB85B8AF2CC3C69 /* IOKit.framework */ = {isa = PBXFileReference; lastKnownFileType = wrapper.framework; path = IOKit.framework; sourceTree = "<group>"; };
		0FFC2DE1A903B40C84D7B5A6 /* RecordingFileNamer.swift */ = {isa = PBXFileReference; lastKnownFileType = sourcecode.swift; path = RecordingFileNamer.swift; sourceTree = "<group>"; };
		11D9C245A5B32E5CA7B70EE6 /* Assets.xcassets */ = {isa = PBXFileReference; lastKnownFileType = folder.assetcatalog; path = Assets.xcassets; sourceTree = "<group>"; };
		167A3E84E02B38AAE85A6195 /* FrameLightingAnalyzer.swift */ = {isa = PBXFileReference; lastKnownFileType = sourcecode.swift; path = FrameLightingAnalyzer.swift; sourceTree = "<group>"; };
		17800447671910879AFC1376 /* CursorHighlightRecorder.swift */ = {isa = PBXFileReference; lastKnownFileType = sourcecode.swift; path = CursorHighlightRecorder.swift; sourceTree = "<group>"; };
		1C01FAE70D4B69B65EBE30F2 /* ara.wav */ = {isa = PBXFileReference; lastKnownFileType = audio.wav; path = ara.wav; sourceTree = "<group>"; };
		1DF9C0DAA793EEA24B1F9956 /* RecordButton.swift */ = {isa = PBXFileReference; lastKnownFileType = sourcecode.swift; path = RecordButton.swift; sourceTree = "<group>"; };
		1E010B636983F5620AB764F6 /* AutoReframeCrop.swift */ = {isa = PBXFileReference; lastKnownFileType = sourcecode.swift; path = AutoReframeCrop.swift; sourceTree = "<group>"; };
		1EA3A3B248D1201AFB0952BC /* AutoReframeTimelineTests.swift */ = {isa = PBXFileReference; lastKnownFileType = sourcecode.swift; path = AutoReframeTimelineTests.swift; sourceTree = "<group>"; };
		20D6A861F00E9933EFE8D532 /* RecordingSource.swift */ = {isa = PBXFileReference; lastKnownFileType = sourcecode.swift; path = RecordingSource.swift; sourceTree = "<group>"; };
		21E9A66016237972FE006739 /* FrameCoachSpatialCueResolver.swift */ = {isa = PBXFileReference; lastKnownFileType = sourcecode.swift; path = FrameCoachSpatialCueResolver.swift; sourceTree = "<group>"; };
		2323C7A719CAF48D6F66C674 /* RecorderViewModelFrameCoachTests.swift */ = {isa = PBXFileReference; lastKnownFileType = sourcecode.swift; path = RecorderViewModelFrameCoachTests.swift; sourceTree = "<group>"; };
		2380DDB63649E3693B01B7E1 /* KeyboardShortcutTimeline.swift */ = {isa = PBXFileReference; lastKnownFileType = sourcecode.swift; path = KeyboardShortcutTimeline.swift; sourceTree = "<group>"; };
		28552F79DAF360EF7EFD133B /* ScreenRecordingCompositionPreview.swift */ = {isa = PBXFileReference; lastKnownFileType = sourcecode.swift; path = ScreenRecordingCompositionPreview.swift; sourceTree = "<group>"; };
		2AA6DF724532FDB6040357D2 /* KeyboardShortcutFormatterTests.swift */ = {isa = PBXFileReference; lastKnownFileType = sourcecode.swift; path = KeyboardShortcutFormatterTests.swift; sourceTree = "<group>"; };
		30F508ECBA31C7E15F0CD305 /* InfoPlist.xcstrings */ = {isa = PBXFileReference; lastKnownFileType = text.json.xcstrings; path = InfoPlist.xcstrings; sourceTree = "<group>"; };
		378A0CC419DF9658E61E06A7 /* MicrophoneAudioRecorderTests.swift */ = {isa = PBXFileReference; lastKnownFileType = sourcecode.swift; path = MicrophoneAudioRecorderTests.swift; sourceTree = "<group>"; };
		39F2E4288D03956E5026A5CC /* FrameCoachingEngineTests.swift */ = {isa = PBXFileReference; lastKnownFileType = sourcecode.swift; path = FrameCoachingEngineTests.swift; sourceTree = "<group>"; };
		3D60627DB6F3BE203C3F1321 /* yeni-ses.wav */ = {isa = PBXFileReference; lastKnownFileType = audio.wav; path = "yeni-ses.wav"; sourceTree = "<group>"; };
		3E537B11A4FB8C0D1EFE7492 /* FrameCoachSpatialCueResolverTests.swift */ = {isa = PBXFileReference; lastKnownFileType = sourcecode.swift; path = FrameCoachSpatialCueResolverTests.swift; sourceTree = "<group>"; };
		41FAF64CFDE1C0EA746A6E7F /* SleepPreventerTests.swift */ = {isa = PBXFileReference; lastKnownFileType = sourcecode.swift; path = SleepPreventerTests.swift; sourceTree = "<group>"; };
		42532B80FBC767A2B09702C4 /* ScreenRecorder.swift */ = {isa = PBXFileReference; lastKnownFileType = sourcecode.swift; path = ScreenRecorder.swift; sourceTree = "<group>"; };
		456E195E4E6C8AB0026F0613 /* FrameMateTests.xctest */ = {isa = PBXFileReference; explicitFileType = wrapper.cfbundle; includeInIndex = 0; path = FrameMateTests.xctest; sourceTree = BUILT_PRODUCTS_DIR; };
		4628C8728F0EF2FB94D21B74 /* baslama.wav */ = {isa = PBXFileReference; lastKnownFileType = audio.wav; path = baslama.wav; sourceTree = "<group>"; };
		4B03BEA124956A7C98BECA08 /* RecordingPauseTimeline.swift */ = {isa = PBXFileReference; lastKnownFileType = sourcecode.swift; path = RecordingPauseTimeline.swift; sourceTree = "<group>"; };
		4B78DB269D5B6607B3E26408 /* GlobalHotkeyMonitorTests.swift */ = {isa = PBXFileReference; lastKnownFileType = sourcecode.swift; path = GlobalHotkeyMonitorTests.swift; sourceTree = "<group>"; };
		5261B4B87122EA187FB5B63F /* FrameCoachingEngine.swift */ = {isa = PBXFileReference; lastKnownFileType = sourcecode.swift; path = FrameCoachingEngine.swift; sourceTree = "<group>"; };
		5801EEE68F53A584BED5D941 /* RecorderViewModelTests.swift */ = {isa = PBXFileReference; lastKnownFileType = sourcecode.swift; path = RecorderViewModelTests.swift; sourceTree = "<group>"; };
		5AE1BF47D4C1F48CEFCD697C /* VideoRecorderApplication.swift */ = {isa = PBXFileReference; lastKnownFileType = sourcecode.swift; path = VideoRecorderApplication.swift; sourceTree = "<group>"; };
		5CBD888A8B3EEF33EEF0ED88 /* SpatialCoachCuePlayerTests.swift */ = {isa = PBXFileReference; lastKnownFileType = sourcecode.swift; path = SpatialCoachCuePlayerTests.swift; sourceTree = "<group>"; };
		5E0459C08C2C46714D0F7727 /* ScreenCameraOverlayCompositionBuilder.swift */ = {isa = PBXFileReference; lastKnownFileType = sourcecode.swift; path = ScreenCameraOverlayCompositionBuilder.swift; sourceTree = "<group>"; };
		5E10B2B69786BACF5540A4F1 /* CaptureRecorder.swift */ = {isa = PBXFileReference; lastKnownFileType = sourcecode.swift; path = CaptureRecorder.swift; sourceTree = "<group>"; };
		60627CB0646F2C7480F4D0BE /* RecordingAudioMixBuilderTests.swift */ = {isa = PBXFileReference; lastKnownFileType = sourcecode.swift; path = RecordingAudioMixBuilderTests.swift; sourceTree = "<group>"; };
		60DDC2EBA03572B84E525F1B /* ContentView.swift */ = {isa = PBXFileReference; lastKnownFileType = sourcecode.swift; path = ContentView.swift; sourceTree = "<group>"; };
		67465CBE687C5A13E09C6385 /* FMCard.swift */ = {isa = PBXFileReference; lastKnownFileType = sourcecode.swift; path = FMCard.swift; sourceTree = "<group>"; };
		68A11E453278FF1EAD623443 /* TestSupport.swift */ = {isa = PBXFileReference; lastKnownFileType = sourcecode.swift; path = TestSupport.swift; sourceTree = "<group>"; };
		6E1496EE021F361F75D73BA3 /* MenuBarControllerTests.swift */ = {isa = PBXFileReference; lastKnownFileType = sourcecode.swift; path = MenuBarControllerTests.swift; sourceTree = "<group>"; };
		7065951C1694B145EE150258 /* RecordingModeTests.swift */ = {isa = PBXFileReference; lastKnownFileType = sourcecode.swift; path = RecordingModeTests.swift; sourceTree = "<group>"; };
		70D1BA0C37FFA3D832609BF2 /* FrameMateColors.swift */ = {isa = PBXFileReference; lastKnownFileType = sourcecode.swift; path = FrameMateColors.swift; sourceTree = "<group>"; };
		7F49D6AF5042BC7D77AB81EB /* ScreenCameraOverlayPosition.swift */ = {isa = PBXFileReference; lastKnownFileType = sourcecode.swift; path = ScreenCameraOverlayPosition.swift; sourceTree = "<group>"; };
		87AC23526353405639B26E39 /* FrameCoachSpatialCue.swift */ = {isa = PBXFileReference; lastKnownFileType = sourcecode.swift; path = FrameCoachSpatialCue.swift; sourceTree = "<group>"; };
		887EC5FFA4C53F9822CA00C9 /* SpeechCuePlayer.swift */ = {isa = PBXFileReference; lastKnownFileType = sourcecode.swift; path = SpeechCuePlayer.swift; sourceTree = "<group>"; };
		89EE4BBF2C45782CF98E7B9E /* ScreenCaptureSource.swift */ = {isa = PBXFileReference; lastKnownFileType = sourcecode.swift; path = ScreenCaptureSource.swift; sourceTree = "<group>"; };
		8C3B4E691082FD5C4BA85925 /* AutoReframeCompositionBuilder.swift */ = {isa = PBXFileReference; lastKnownFileType = sourcecode.swift; path = AutoReframeCompositionBuilder.swift; sourceTree = "<group>"; };
		8C58262F591AC851051CE0F3 /* RecorderViewModel.swift */ = {isa = PBXFileReference; lastKnownFileType = sourcecode.swift; path = RecorderViewModel.swift; sourceTree = "<group>"; };
		9206F5D8AD6B4D9840FECBC0 /* SessionConfigurationRunnerTests.swift */ = {isa = PBXFileReference; lastKnownFileType = sourcecode.swift; path = SessionConfigurationRunnerTests.swift; sourceTree = "<group>"; };
		974301CD1E39F82E145E689D /* AutoReframeSmootherTests.swift */ = {isa = PBXFileReference; lastKnownFileType = sourcecode.swift; path = AutoReframeSmootherTests.swift; sourceTree = "<group>"; };
		991976D63535AE541E17D551 /* AppAccessManagerTests.swift */ = {isa = PBXFileReference; lastKnownFileType = sourcecode.swift; path = AppAccessManagerTests.swift; sourceTree = "<group>"; };
		996492C242A2D9611F020500 /* AutoReframeEngineTests.swift */ = {isa = PBXFileReference; lastKnownFileType = sourcecode.swift; path = AutoReframeEngineTests.swift; sourceTree = "<group>"; };
		A4E2D5ACCBC8E8335D5957E4 /* AutoReframeTimeline.swift */ = {isa = PBXFileReference; lastKnownFileType = sourcecode.swift; path = AutoReframeTimeline.swift; sourceTree = "<group>"; };
		A569768419F1A32BED10FD24 /* ScreenCameraOverlayPositionTests.swift */ = {isa = PBXFileReference; lastKnownFileType = sourcecode.swift; path = ScreenCameraOverlayPositionTests.swift; sourceTree = "<group>"; };
		A9EF7F5DCF5CE3C8931F02AC /* CameraOverlayRecorder.swift */ = {isa = PBXFileReference; lastKnownFileType = sourcecode.swift; path = CameraOverlayRecorder.swift; sourceTree = "<group>"; };
		AA6A0ADA1412E14EB40EC538 /* XcodeProjectConfigurationTests.swift */ = {isa = PBXFileReference; lastKnownFileType = sourcecode.swift; path = XcodeProjectConfigurationTests.swift; sourceTree = "<group>"; };
		AAE53F1C7B29FFFBB9E8AF92 /* AutoReframeSmoother.swift */ = {isa = PBXFileReference; lastKnownFileType = sourcecode.swift; path = AutoReframeSmoother.swift; sourceTree = "<group>"; };
		AB019865F6CB8523138B321E /* CameraVideoEffectsGuardTests.swift */ = {isa = PBXFileReference; lastKnownFileType = sourcecode.swift; path = CameraVideoEffectsGuardTests.swift; sourceTree = "<group>"; };
		AEA4E00CCCAA399A5C56236F /* RecorderViewModelCountdownTests.swift */ = {isa = PBXFileReference; lastKnownFileType = sourcecode.swift; path = RecorderViewModelCountdownTests.swift; sourceTree = "<group>"; };
		AF3314C8F7EE25C8F99A1545 /* AutoReframeEngine.swift */ = {isa = PBXFileReference; lastKnownFileType = sourcecode.swift; path = AutoReframeEngine.swift; sourceTree = "<group>"; };
		AF7EDA1BCD320BEE436F9A95 /* FrameCoachingProfile.swift */ = {isa = PBXFileReference; lastKnownFileType = sourcecode.swift; path = FrameCoachingProfile.swift; sourceTree = "<group>"; };
		B3C20F167D5CB1785261365F /* CursorHighlightTimeline.swift */ = {isa = PBXFileReference; lastKnownFileType = sourcecode.swift; path = CursorHighlightTimeline.swift; sourceTree = "<group>"; };
		B3D640EF51EE60851D353C5E /* ScreenRecorderTests.swift */ = {isa = PBXFileReference; lastKnownFileType = sourcecode.swift; path = ScreenRecorderTests.swift; sourceTree = "<group>"; };
		B413F2D223267FA0A32CFF83 /* GlobalHotkeyMonitor.swift */ = {isa = PBXFileReference; lastKnownFileType = sourcecode.swift; path = GlobalHotkeyMonitor.swift; sourceTree = "<group>"; };
		B4C940DC90897B7281E12412 /* CameraVideoEffectsGuard.swift */ = {isa = PBXFileReference; lastKnownFileType = sourcecode.swift; path = CameraVideoEffectsGuard.swift; sourceTree = "<group>"; };
		B533458F9E7C33CA0FFBD44B /* ScreenCameraOverlaySize.swift */ = {isa = PBXFileReference; lastKnownFileType = sourcecode.swift; path = ScreenCameraOverlaySize.swift; sourceTree = "<group>"; };
		B6CC3850B0A049070C42D181 /* MenuBarController.swift */ = {isa = PBXFileReference; lastKnownFileType = sourcecode.swift; path = MenuBarController.swift; sourceTree = "<group>"; };
		B77A6F90716EE30079C49119 /* KeyboardShortcutRecorder.swift */ = {isa = PBXFileReference; lastKnownFileType = sourcecode.swift; path = KeyboardShortcutRecorder.swift; sourceTree = "<group>"; };
		B791F8BEA905CA54DC936506 /* bitis.wav */ = {isa = PBXFileReference; lastKnownFileType = audio.wav; path = bitis.wav; sourceTree = "<group>"; };
		BC96559D02B443C25E5D0E4D /* SpatialCoachCuePlayer.swift */ = {isa = PBXFileReference; lastKnownFileType = sourcecode.swift; path = SpatialCoachCuePlayer.swift; sourceTree = "<group>"; };
		BECE9288FACCD400388879C5 /* RecordingFileNamerTests.swift */ = {isa = PBXFileReference; lastKnownFileType = sourcecode.swift; path = RecordingFileNamerTests.swift; sourceTree = "<group>"; };
		C0338B60DC8C961D933971FA /* SpeechCuePlayerTests.swift */ = {isa = PBXFileReference; lastKnownFileType = sourcecode.swift; path = SpeechCuePlayerTests.swift; sourceTree = "<group>"; };
		C18853E84CE11D7915C79B42 /* StatusPill.swift */ = {isa = PBXFileReference; lastKnownFileType = sourcecode.swift; path = StatusPill.swift; sourceTree = "<group>"; };
		C456EA98E1DEEB1F5D77D9AD /* SystemAudioRecorder.swift */ = {isa = PBXFileReference; lastKnownFileType = sourcecode.swift; path = SystemAudioRecorder.swift; sourceTree = "<group>"; };
		C6DC2E9856E96D194EE04008 /* RecordingPresetTests.swift */ = {isa = PBXFileReference; lastKnownFileType = sourcecode.swift; path = RecordingPresetTests.swift; sourceTree = "<group>"; };
		C99CE1952383341972E47C8A /* OnboardingView.swift */ = {isa = PBXFileReference; lastKnownFileType = sourcecode.swift; path = OnboardingView.swift; sourceTree = "<group>"; };
		CA354858AA041056F9F6DD0A /* FrameAnalysisService.swift */ = {isa = PBXFileReference; lastKnownFileType = sourcecode.swift; path = FrameAnalysisService.swift; sourceTree = "<group>"; };
		CC4CA8A309E7D091B9F77125 /* CaptureCoachingEngineTests.swift */ = {isa = PBXFileReference; lastKnownFileType = sourcecode.swift; path = CaptureCoachingEngineTests.swift; sourceTree = "<group>"; };
		CEB2AFD9DF1C5E28C0D11563 /* FMModeSelector.swift */ = {isa = PBXFileReference; lastKnownFileType = sourcecode.swift; path = FMModeSelector.swift; sourceTree = "<group>"; };
		DA52A7BC68075D3AADE54E86 /* RecordingMode.swift */ = {isa = PBXFileReference; lastKnownFileType = sourcecode.swift; path = RecordingMode.swift; sourceTree = "<group>"; };
		DBF2C86A04E076B902883029 /* VideoRecorderApp.swift */ = {isa = PBXFileReference; lastKnownFileType = sourcecode.swift; path = VideoRecorderApp.swift; sourceTree = "<group>"; };
		DE7BAA137D4D7D0507732CD1 /* MicrophoneAudioRecorder.swift */ = {isa = PBXFileReference; lastKnownFileType = sourcecode.swift; path = MicrophoneAudioRecorder.swift; sourceTree = "<group>"; };
		E37BB423E8B231AD8B32B652 /* RecordingAudioMixBuilder.swift */ = {isa = PBXFileReference; lastKnownFileType = sourcecode.swift; path = RecordingAudioMixBuilder.swift; sourceTree = "<group>"; };
		E529062356BC613201458B3F /* Localizable.xcstrings */ = {isa = PBXFileReference; lastKnownFileType = text.json.xcstrings; path = Localizable.xcstrings; sourceTree = "<group>"; };
		EFEF838B030E6C4E51D8B699 /* FMToastOverlay.swift */ = {isa = PBXFileReference; lastKnownFileType = sourcecode.swift; path = FMToastOverlay.swift; sourceTree = "<group>"; };
		F0E5820BE85C1EB4BFDD7833 /* FrameMate.app */ = {isa = PBXFileReference; explicitFileType = wrapper.application; includeInIndex = 0; path = FrameMate.app; sourceTree = BUILT_PRODUCTS_DIR; };
		F2BC5CA5934DD55E4950F6AE /* VideoPreviewView.swift */ = {isa = PBXFileReference; lastKnownFileType = sourcecode.swift; path = VideoPreviewView.swift; sourceTree = "<group>"; };
		F46C69822B8A4BE5D03FE9D5 /* SoundEffectPlayer.swift */ = {isa = PBXFileReference; lastKnownFileType = sourcecode.swift; path = SoundEffectPlayer.swift; sourceTree = "<group>"; };
		F54A3B85F0A27181CDDB9065 /* MainWindowPresentationPolicyTests.swift */ = {isa = PBXFileReference; lastKnownFileType = sourcecode.swift; path = MainWindowPresentationPolicyTests.swift; sourceTree = "<group>"; };
		F75423679EDA5582C63E20FF /* MainWindowPresentation.swift */ = {isa = PBXFileReference; lastKnownFileType = sourcecode.swift; path = MainWindowPresentation.swift; sourceTree = "<group>"; };
		F7D6AAFD5671A9413C5E9EAC /* AppAccessManager.swift */ = {isa = PBXFileReference; lastKnownFileType = sourcecode.swift; path = AppAccessManager.swift; sourceTree = "<group>"; };
		F903CAF3F55C66433129F58D /* CaptureCoachingEngine.swift */ = {isa = PBXFileReference; lastKnownFileType = sourcecode.swift; path = CaptureCoachingEngine.swift; sourceTree = "<group>"; };
/* End PBXFileReference section */

/* Begin PBXFrameworksBuildPhase section */
		71238D6487ECE2F3FECC9FB3 /* Frameworks */ = {
			isa = PBXFrameworksBuildPhase;
			buildActionMask = 2147483647;
			files = (
				89903F29C58B233627178827 /* IOKit.framework in Frameworks */,
			);
			runOnlyForDeploymentPostprocessing = 0;
		};
/* End PBXFrameworksBuildPhase section */

/* Begin PBXGroup section */
		0B4EEED0977D1AF1F76AF056 /* Products */ = {
			isa = PBXGroup;
			children = (
				F0E5820BE85C1EB4BFDD7833 /* FrameMate.app */,
				456E195E4E6C8AB0026F0613 /* FrameMateTests.xctest */,
			);
			name = Products;
			sourceTree = "<group>";
		};
		0FB613282B2A94856E76EE2D /* VideoRecorderAppTests */ = {
			isa = PBXGroup;
			children = (
				991976D63535AE541E17D551 /* AppAccessManagerTests.swift */,
				996492C242A2D9611F020500 /* AutoReframeEngineTests.swift */,
				974301CD1E39F82E145E689D /* AutoReframeSmootherTests.swift */,
				1EA3A3B248D1201AFB0952BC /* AutoReframeTimelineTests.swift */,
				AB019865F6CB8523138B321E /* CameraVideoEffectsGuardTests.swift */,
				CC4CA8A309E7D091B9F77125 /* CaptureCoachingEngineTests.swift */,
				39F2E4288D03956E5026A5CC /* FrameCoachingEngineTests.swift */,
				3E537B11A4FB8C0D1EFE7492 /* FrameCoachSpatialCueResolverTests.swift */,
				03054F6D51E95DFAB3C22873 /* FrameLightingAnalyzerTests.swift */,
				4B78DB269D5B6607B3E26408 /* GlobalHotkeyMonitorTests.swift */,
				2AA6DF724532FDB6040357D2 /* KeyboardShortcutFormatterTests.swift */,
				F54A3B85F0A27181CDDB9065 /* MainWindowPresentationPolicyTests.swift */,
				6E1496EE021F361F75D73BA3 /* MenuBarControllerTests.swift */,
				378A0CC419DF9658E61E06A7 /* MicrophoneAudioRecorderTests.swift */,
				AEA4E00CCCAA399A5C56236F /* RecorderViewModelCountdownTests.swift */,
				2323C7A719CAF48D6F66C674 /* RecorderViewModelFrameCoachTests.swift */,
				5801EEE68F53A584BED5D941 /* RecorderViewModelTests.swift */,
				60627CB0646F2C7480F4D0BE /* RecordingAudioMixBuilderTests.swift */,
				BECE9288FACCD400388879C5 /* RecordingFileNamerTests.swift */,
				7065951C1694B145EE150258 /* RecordingModeTests.swift */,
				C6DC2E9856E96D194EE04008 /* RecordingPresetTests.swift */,
				07D96D1084EB6F2943E8D1AA /* ScreenCameraOverlayCompositionBuilderTests.swift */,
				A569768419F1A32BED10FD24 /* ScreenCameraOverlayPositionTests.swift */,
				B3D640EF51EE60851D353C5E /* ScreenRecorderTests.swift */,
				9206F5D8AD6B4D9840FECBC0 /* SessionConfigurationRunnerTests.swift */,
				41FAF64CFDE1C0EA746A6E7F /* SleepPreventerTests.swift */,
				5CBD888A8B3EEF33EEF0ED88 /* SpatialCoachCuePlayerTests.swift */,
				C0338B60DC8C961D933971FA /* SpeechCuePlayerTests.swift */,
				68A11E453278FF1EAD623443 /* TestSupport.swift */,
				AA6A0ADA1412E14EB40EC538 /* XcodeProjectConfigurationTests.swift */,
			);
			name = VideoRecorderAppTests;
			path = Tests/VideoRecorderAppTests;
			sourceTree = "<group>";
		};
		1411AE14DC4DF2288CABC750 /* VideoRecorderApp */ = {
			isa = PBXGroup;
			children = (
				F7D6AAFD5671A9413C5E9EAC /* AppAccessManager.swift */,
				A9EF7F5DCF5CE3C8931F02AC /* CameraOverlayRecorder.swift */,
				B4C940DC90897B7281E12412 /* CameraVideoEffectsGuard.swift */,
				5E10B2B69786BACF5540A4F1 /* CaptureRecorder.swift */,
				60DDC2EBA03572B84E525F1B /* ContentView.swift */,
				17800447671910879AFC1376 /* CursorHighlightRecorder.swift */,
				B3C20F167D5CB1785261365F /* CursorHighlightTimeline.swift */,
				67465CBE687C5A13E09C6385 /* FMCard.swift */,
				CEB2AFD9DF1C5E28C0D11563 /* FMModeSelector.swift */,
				EFEF838B030E6C4E51D8B699 /* FMToastOverlay.swift */,
				70D1BA0C37FFA3D832609BF2 /* FrameMateColors.swift */,
				B413F2D223267FA0A32CFF83 /* GlobalHotkeyMonitor.swift */,
				30F508ECBA31C7E15F0CD305 /* InfoPlist.xcstrings */,
				B77A6F90716EE30079C49119 /* KeyboardShortcutRecorder.swift */,
				2380DDB63649E3693B01B7E1 /* KeyboardShortcutTimeline.swift */,
				E529062356BC613201458B3F /* Localizable.xcstrings */,
				F75423679EDA5582C63E20FF /* MainWindowPresentation.swift */,
				B6CC3850B0A049070C42D181 /* MenuBarController.swift */,
				DE7BAA137D4D7D0507732CD1 /* MicrophoneAudioRecorder.swift */,
				C99CE1952383341972E47C8A /* OnboardingView.swift */,
				1DF9C0DAA793EEA24B1F9956 /* RecordButton.swift */,
				8C58262F591AC851051CE0F3 /* RecorderViewModel.swift */,
				E37BB423E8B231AD8B32B652 /* RecordingAudioMixBuilder.swift */,
				0FFC2DE1A903B40C84D7B5A6 /* RecordingFileNamer.swift */,
				DA52A7BC68075D3AADE54E86 /* RecordingMode.swift */,
				4B03BEA124956A7C98BECA08 /* RecordingPauseTimeline.swift */,
				0309AC3C78BEE9752D58129C /* RecordingPreset.swift */,
				20D6A861F00E9933EFE8D532 /* RecordingSource.swift */,
				5E0459C08C2C46714D0F7727 /* ScreenCameraOverlayCompositionBuilder.swift */,
				7F49D6AF5042BC7D77AB81EB /* ScreenCameraOverlayPosition.swift */,
				B533458F9E7C33CA0FFBD44B /* ScreenCameraOverlaySize.swift */,
				89EE4BBF2C45782CF98E7B9E /* ScreenCaptureSource.swift */,
				42532B80FBC767A2B09702C4 /* ScreenRecorder.swift */,
				0DC7179E943FE1E7545AF93C /* ScreenRecording.swift */,
				28552F79DAF360EF7EFD133B /* ScreenRecordingCompositionPreview.swift */,
				084BD3F93C154D8302AFE156 /* SessionConfigurationRunner.swift */,
				085C43E4F5E5346EBD9A6A6D /* SleepPreventer.swift */,
				F46C69822B8A4BE5D03FE9D5 /* SoundEffectPlayer.swift */,
				C18853E84CE11D7915C79B42 /* StatusPill.swift */,
				C456EA98E1DEEB1F5D77D9AD /* SystemAudioRecorder.swift */,
				F2BC5CA5934DD55E4950F6AE /* VideoPreviewView.swift */,
				DBF2C86A04E076B902883029 /* VideoRecorderApp.swift */,
				5AE1BF47D4C1F48CEFCD697C /* VideoRecorderApplication.swift */,
				447562BA1360AF9909B736D4 /* AutoReframe */,
				8E6079269930887EB3D5368F /* FrameCoach */,
			);
			name = VideoRecorderApp;
			path = Sources/VideoRecorderApp;
			sourceTree = "<group>";
		};
		2253D765F03889BC75D60EAD /* Resources */ = {
			isa = PBXGroup;
			children = (
				11D9C245A5B32E5CA7B70EE6 /* Assets.xcassets */,
			);
			path = Resources;
			sourceTree = "<group>";
		};
		447562BA1360AF9909B736D4 /* AutoReframe */ = {
			isa = PBXGroup;
			children = (
				8C3B4E691082FD5C4BA85925 /* AutoReframeCompositionBuilder.swift */,
				1E010B636983F5620AB764F6 /* AutoReframeCrop.swift */,
				AF3314C8F7EE25C8F99A1545 /* AutoReframeEngine.swift */,
				AAE53F1C7B29FFFBB9E8AF92 /* AutoReframeSmoother.swift */,
				A4E2D5ACCBC8E8335D5957E4 /* AutoReframeTimeline.swift */,
			);
			path = AutoReframe;
			sourceTree = "<group>";
		};
		6582E3421D5003005005B645 = {
			isa = PBXGroup;
			children = (
				2253D765F03889BC75D60EAD /* Resources */,
				9FCC9F3ACFA7587588F47A4D /* Sounds */,
				1411AE14DC4DF2288CABC750 /* VideoRecorderApp */,
				0FB613282B2A94856E76EE2D /* VideoRecorderAppTests */,
				C71798CF7FA9AF608A8FD918 /* Frameworks */,
				0B4EEED0977D1AF1F76AF056 /* Products */,
			);
			sourceTree = "<group>";
		};
		8E6079269930887EB3D5368F /* FrameCoach */ = {
			isa = PBXGroup;
			children = (
				F903CAF3F55C66433129F58D /* CaptureCoachingEngine.swift */,
				0E0B4C29E3CF3E24B8425A29 /* FrameAnalysis.swift */,
				CA354858AA041056F9F6DD0A /* FrameAnalysisService.swift */,
				5261B4B87122EA187FB5B63F /* FrameCoachingEngine.swift */,
				AF7EDA1BCD320BEE436F9A95 /* FrameCoachingProfile.swift */,
				87AC23526353405639B26E39 /* FrameCoachSpatialCue.swift */,
				21E9A66016237972FE006739 /* FrameCoachSpatialCueResolver.swift */,
				167A3E84E02B38AAE85A6195 /* FrameLightingAnalyzer.swift */,
				BC96559D02B443C25E5D0E4D /* SpatialCoachCuePlayer.swift */,
				887EC5FFA4C53F9822CA00C9 /* SpeechCuePlayer.swift */,
			);
			path = FrameCoach;
			sourceTree = "<group>";
		};
		9FCC9F3ACFA7587588F47A4D /* Sounds */ = {
			isa = PBXGroup;
			children = (
				1C01FAE70D4B69B65EBE30F2 /* ara.wav */,
				4628C8728F0EF2FB94D21B74 /* baslama.wav */,
				B791F8BEA905CA54DC936506 /* bitis.wav */,
				3D60627DB6F3BE203C3F1321 /* yeni-ses.wav */,
			);
			name = Sounds;
			path = Resources/Sounds;
			sourceTree = "<group>";
		};
		C71798CF7FA9AF608A8FD918 /* Frameworks */ = {
			isa = PBXGroup;
			children = (
				0E3D6688BAB85B8AF2CC3C69 /* IOKit.framework */,
			);
			name = Frameworks;
			sourceTree = "<group>";
		};
/* End PBXGroup section */

/* Begin PBXNativeTarget section */
		7536C9796568BC62B495DCAF /* FrameMate */ = {
			isa = PBXNativeTarget;
			buildConfigurationList = 000D32F1E87D52D5FF08B0BF /* Build configuration list for PBXNativeTarget "FrameMate" */;
			buildPhases = (
				5574E7627FCDF3C6A5A50BE8 /* Sources */,
				FCAD4E4023FD40EF40C8BE98 /* Resources */,
				71238D6487ECE2F3FECC9FB3 /* Frameworks */,
			);
			buildRules = (
			);
			dependencies = (
			);
			name = FrameMate;
			packageProductDependencies = (
			);
			productName = FrameMate;
			productReference = F0E5820BE85C1EB4BFDD7833 /* FrameMate.app */;
			productType = "com.apple.product-type.application";
		};
		9643D49FE2BDAB3C6E2C8153 /* FrameMateTests */ = {
			isa = PBXNativeTarget;
			buildConfigurationList = AD28D64595DFCE5924F7E338 /* Build configuration list for PBXNativeTarget "FrameMateTests" */;
			buildPhases = (
				AD58A6B9503C9EAFDAD85D53 /* Sources */,
			);
			buildRules = (
			);
			dependencies = (
				77EF3618BFA880EF0656BB19 /* PBXTargetDependency */,
			);
			name = FrameMateTests;
			packageProductDependencies = (
			);
			productName = FrameMateTests;
			productReference = 456E195E4E6C8AB0026F0613 /* FrameMateTests.xctest */;
			productType = "com.apple.product-type.bundle.unit-test";
		};
/* End PBXNativeTarget section */

/* Begin PBXProject section */
		4ACFF952F1004B008FEFBBE5 /* Project object */ = {
			isa = PBXProject;
			attributes = {
				BuildIndependentTargetsInParallel = YES;
				LastUpgradeCheck = 1430;
				TargetAttributes = {
					7536C9796568BC62B495DCAF = {
						DevelopmentTeam = 9MA297YYN2;
						ProvisioningStyle = Manual;
					};
					9643D49FE2BDAB3C6E2C8153 = {
						ProvisioningStyle = Manual;
					};
				};
			};
			buildConfigurationList = C2C0997C517EC6154855AFD2 /* Build configuration list for PBXProject "VideoRecorder" */;
			compatibilityVersion = "Xcode 14.0";
			developmentRegion = en;
			hasScannedForEncodings = 0;
			knownRegions = (
				Base,
				en,
				tr,
			);
			mainGroup = 6582E3421D5003005005B645;
			minimizedProjectReferenceProxies = 1;
			preferredProjectObjectVersion = 77;
			projectDirPath = "";
			projectRoot = "";
			targets = (
				7536C9796568BC62B495DCAF /* FrameMate */,
				9643D49FE2BDAB3C6E2C8153 /* FrameMateTests */,
			);
		};
/* End PBXProject section */

/* Begin PBXResourcesBuildPhase section */
		FCAD4E4023FD40EF40C8BE98 /* Resources */ = {
			isa = PBXResourcesBuildPhase;
			buildActionMask = 2147483647;
			files = (
				1E811C12E4636D93E4A1B7A4 /* Assets.xcassets in Resources */,
				A9101530956668E1070035F1 /* InfoPlist.xcstrings in Resources */,
				340F3ABE936E7C7DEB9DC204 /* Localizable.xcstrings in Resources */,
				7086A128EABBE902F20FD697 /* ara.wav in Resources */,
				09FC3735A6DCCC5616297BCB /* baslama.wav in Resources */,
				9AB7FA0E63452B36326FDB86 /* bitis.wav in Resources */,
				EB64D707AE57A5820F8474A3 /* yeni-ses.wav in Resources */,
			);
			runOnlyForDeploymentPostprocessing = 0;
		};
/* End PBXResourcesBuildPhase section */

/* Begin PBXSourcesBuildPhase section */
		5574E7627FCDF3C6A5A50BE8 /* Sources */ = {
			isa = PBXSourcesBuildPhase;
			buildActionMask = 2147483647;
			files = (
				2EFC2FBAD022B913BDB5BED9 /* AppAccessManager.swift in Sources */,
				BE84B70B26A8636B100C6FE1 /* AutoReframeCompositionBuilder.swift in Sources */,
				F28E5C0CBD3756D3667B5157 /* AutoReframeCrop.swift in Sources */,
				FA52ED29DCE2D8457666A403 /* AutoReframeEngine.swift in Sources */,
				8E2334894ABAE707D084B5A5 /* AutoReframeSmoother.swift in Sources */,
				2A537496A9C9BCAA1EA32315 /* AutoReframeTimeline.swift in Sources */,
				9279085C8EDD2816BA46D7B2 /* CameraOverlayRecorder.swift in Sources */,
				953708B90D9B730A9AE3AB34 /* CameraVideoEffectsGuard.swift in Sources */,
				BD24B625051E641896BE728B /* CaptureCoachingEngine.swift in Sources */,
				5370C9DAFE1190133281912B /* CaptureRecorder.swift in Sources */,
				A584CACA415D2BCA416D53AF /* ContentView.swift in Sources */,
				1A0B59B0AC644B570DD4A9E1 /* CursorHighlightRecorder.swift in Sources */,
				5549F76673DA1A8E5BE627A8 /* CursorHighlightTimeline.swift in Sources */,
				66E309F8A3E951B6AE59DCCB /* FMCard.swift in Sources */,
				09DC68F65574FAC42A61495A /* FMModeSelector.swift in Sources */,
				7FFBFCE683CD14A699E3FA77 /* FMToastOverlay.swift in Sources */,
				7B760C9F52B64CF5D51F196B /* FrameAnalysis.swift in Sources */,
				0E27DF6047A2B897E4B0C670 /* FrameAnalysisService.swift in Sources */,
				7649CB4EEB3A1635A31BE486 /* FrameCoachSpatialCue.swift in Sources */,
				3BFE585B622A1182FD528F13 /* FrameCoachSpatialCueResolver.swift in Sources */,
				BFE1620132789FDC582CF8F0 /* FrameCoachingEngine.swift in Sources */,
				29A091479E42A0E6B0125008 /* FrameCoachingProfile.swift in Sources */,
				400327244890B7F029D68158 /* FrameLightingAnalyzer.swift in Sources */,
				94963B16D252B151C51BEACE /* FrameMateColors.swift in Sources */,
				0E9EECADD2F16299B805B504 /* GlobalHotkeyMonitor.swift in Sources */,
				CA9586C6EE9F633172303444 /* KeyboardShortcutRecorder.swift in Sources */,
				1365DBCA72E42695941BACFF /* KeyboardShortcutTimeline.swift in Sources */,
				0E11C0D91BF0894B682C7F16 /* MainWindowPresentation.swift in Sources */,
				1F913DD08373861E9F20C988 /* MenuBarController.swift in Sources */,
				1DC6CFCFAAB1E1263BF9D4D3 /* MicrophoneAudioRecorder.swift in Sources */,
				E25AB9E35011A16EEDB8B1E6 /* OnboardingView.swift in Sources */,
				3EBEE1D275F318EC2D38984D /* RecordButton.swift in Sources */,
				75CFEC1170FBF75F77B00C67 /* RecorderViewModel.swift in Sources */,
				67053A90FACDDCA254710D60 /* RecordingAudioMixBuilder.swift in Sources */,
				F0BFD611227AFB8BB1832954 /* RecordingFileNamer.swift in Sources */,
				EB34B3EAA3A6C461166478BA /* RecordingMode.swift in Sources */,
				B3CD12FC8E97F7B47FDE1677 /* RecordingPauseTimeline.swift in Sources */,
				04C6E6BE0D6AB1869D8ECD3B /* RecordingPreset.swift in Sources */,
				6CB90E91E0B93A6756DA1AFC /* RecordingSource.swift in Sources */,
				F9BB03C3B95E6BC3144ECB9D /* ScreenCameraOverlayCompositionBuilder.swift in Sources */,
				C9FEC739A473C6ABFB021C73 /* ScreenCameraOverlayPosition.swift in Sources */,
				13802037D7958B18CC65C684 /* ScreenCameraOverlaySize.swift in Sources */,
				125D6FE0B432207B09ECD6AD /* ScreenCaptureSource.swift in Sources */,
				6E9D62E99CDFCC3332BCE676 /* ScreenRecorder.swift in Sources */,
				08267414A3356B1F3EAC7FC6 /* ScreenRecording.swift in Sources */,
				941F540A255B092377996D09 /* ScreenRecordingCompositionPreview.swift in Sources */,
				394933ED169CDCD0FA632BD9 /* SessionConfigurationRunner.swift in Sources */,
				A3C08AC023F56AEDF63F07D5 /* SleepPreventer.swift in Sources */,
				EFAE1A5719B96F48EC00351B /* SoundEffectPlayer.swift in Sources */,
				7AA8E929702193391A3245DE /* SpatialCoachCuePlayer.swift in Sources */,
				762E0F1CDD08B048CE48CBF1 /* SpeechCuePlayer.swift in Sources */,
				A286B927BB409845EDB102D3 /* StatusPill.swift in Sources */,
				6B6A3CE465AE5280F676836C /* SystemAudioRecorder.swift in Sources */,
				A768689F875BC784064DCC88 /* VideoPreviewView.swift in Sources */,
				310A69DD616122B215231059 /* VideoRecorderApp.swift in Sources */,
				C200009C31E49CFA9E97031F /* VideoRecorderApplication.swift in Sources */,
			);
			runOnlyForDeploymentPostprocessing = 0;
		};
		AD58A6B9503C9EAFDAD85D53 /* Sources */ = {
			isa = PBXSourcesBuildPhase;
			buildActionMask = 2147483647;
			files = (
				C5412C3AA2142A8572B9A429 /* AppAccessManagerTests.swift in Sources */,
				829F3C0866752B0111A77FDD /* AutoReframeEngineTests.swift in Sources */,
				7A57CA602F44DF05AE091170 /* AutoReframeSmootherTests.swift in Sources */,
				058B7A5DD9D058A37BE8C594 /* AutoReframeTimelineTests.swift in Sources */,
				F51D66358371C8476682D389 /* CameraVideoEffectsGuardTests.swift in Sources */,
				2DE4BEBC00E03DB7357BA4DE /* CaptureCoachingEngineTests.swift in Sources */,
				62186C7B5C4D203A7A74A084 /* FrameCoachSpatialCueResolverTests.swift in Sources */,
				BD2E54E323CC5ABE6F1FD451 /* FrameCoachingEngineTests.swift in Sources */,
				EB50B2B8CD32DAECAE768BF0 /* FrameLightingAnalyzerTests.swift in Sources */,
				46C4EDB1C9E3EBFBF1482D39 /* GlobalHotkeyMonitorTests.swift in Sources */,
				4F395BBB27C1AFF8BB675C01 /* KeyboardShortcutFormatterTests.swift in Sources */,
				D8AB2C2A1325BC5707BF5F4B /* MainWindowPresentationPolicyTests.swift in Sources */,
				326A248C987576462DC8B591 /* MenuBarControllerTests.swift in Sources */,
				DF895373E8337E7686EF2366 /* MicrophoneAudioRecorderTests.swift in Sources */,
				D4A525028F448718B3356BB0 /* RecorderViewModelCountdownTests.swift in Sources */,
				02B4792DF3371101FFF3C3D8 /* RecorderViewModelFrameCoachTests.swift in Sources */,
				AEBC328D617B40B7B6FDCBEE /* RecorderViewModelTests.swift in Sources */,
				E975F4D5977A3BB30F5E2961 /* RecordingAudioMixBuilderTests.swift in Sources */,
				96ECDE5A92406A946659C74D /* RecordingFileNamerTests.swift in Sources */,
				3840826D1E883D56915CD870 /* RecordingModeTests.swift in Sources */,
				E271FEF2BAB5BC8874070436 /* RecordingPresetTests.swift in Sources */,
				AE716CA1BB46498C17DC8A04 /* ScreenCameraOverlayCompositionBuilderTests.swift in Sources */,
				612AA89490ACD1B2496D2A24 /* ScreenCameraOverlayPositionTests.swift in Sources */,
				A93C971D079E4F5111D9A331 /* ScreenRecorderTests.swift in Sources */,
				1439C8447D365FFCB71909A4 /* SessionConfigurationRunnerTests.swift in Sources */,
				62336406E3FAAB42B2F1DCCE /* SleepPreventerTests.swift in Sources */,
				A2F2150D69CFCBE3541D47E5 /* SpatialCoachCuePlayerTests.swift in Sources */,
				A2BC10365C51ECA027FF86D5 /* SpeechCuePlayerTests.swift in Sources */,
				BDA85A75FDE51A918BAAD77E /* TestSupport.swift in Sources */,
				2009BE896B114C2DE3BA6B46 /* XcodeProjectConfigurationTests.swift in Sources */,
			);
			runOnlyForDeploymentPostprocessing = 0;
		};
/* End PBXSourcesBuildPhase section */

/* Begin PBXTargetDependency section */
		77EF3618BFA880EF0656BB19 /* PBXTargetDependency */ = {
			isa = PBXTargetDependency;
			target = 7536C9796568BC62B495DCAF /* FrameMate */;
			targetProxy = EB54A7A7CEE50DFC26D186E5 /* PBXContainerItemProxy */;
		};
/* End PBXTargetDependency section */

/* Begin XCBuildConfiguration section */
		11D4EA74F961449D9B0B0A52 /* Debug */ = {
			isa = XCBuildConfiguration;
			buildSettings = {
				ALWAYS_SEARCH_USER_PATHS = NO;
				CLANG_ANALYZER_NONNULL = YES;
				CLANG_ANALYZER_NUMBER_OBJECT_CONVERSION = YES_AGGRESSIVE;
				CLANG_CXX_LANGUAGE_STANDARD = "gnu++14";
				CLANG_CXX_LIBRARY = "libc++";
				CLANG_ENABLE_MODULES = YES;
				CLANG_ENABLE_OBJC_ARC = YES;
				CLANG_ENABLE_OBJC_WEAK = YES;
				CLANG_WARN_BLOCK_CAPTURE_AUTORELEASING = YES;
				CLANG_WARN_BOOL_CONVERSION = YES;
				CLANG_WARN_COMMA = YES;
				CLANG_WARN_CONSTANT_CONVERSION = YES;
				CLANG_WARN_DEPRECATED_OBJC_IMPLEMENTATIONS = YES;
				CLANG_WARN_DIRECT_OBJC_ISA_USAGE = YES_ERROR;
				CLANG_WARN_DOCUMENTATION_COMMENTS = YES;
				CLANG_WARN_EMPTY_BODY = YES;
				CLANG_WARN_ENUM_CONVERSION = YES;
				CLANG_WARN_INFINITE_RECURSION = YES;
				CLANG_WARN_INT_CONVERSION = YES;
				CLANG_WARN_NON_LITERAL_NULL_CONVERSION = YES;
				CLANG_WARN_OBJC_IMPLICIT_RETAIN_SELF = YES;
				CLANG_WARN_OBJC_LITERAL_CONVERSION = YES;
				CLANG_WARN_OBJC_ROOT_CLASS = YES_ERROR;
				CLANG_WARN_QUOTED_INCLUDE_IN_FRAMEWORK_HEADER = YES;
				CLANG_WARN_RANGE_LOOP_ANALYSIS = YES;
				CLANG_WARN_STRICT_PROTOTYPES = YES;
				CLANG_WARN_SUSPICIOUS_MOVE = YES;
				CLANG_WARN_UNGUARDED_AVAILABILITY = YES_AGGRESSIVE;
				CLANG_WARN_UNREACHABLE_CODE = YES;
				CLANG_WARN__DUPLICATE_METHOD_MATCH = YES;
				COPY_PHASE_STRIP = NO;
				DEBUG_INFORMATION_FORMAT = dwarf;
				ENABLE_STRICT_OBJC_MSGSEND = YES;
				ENABLE_TESTABILITY = YES;
				GCC_C_LANGUAGE_STANDARD = gnu11;
				GCC_DYNAMIC_NO_PIC = NO;
				GCC_NO_COMMON_BLOCKS = YES;
				GCC_OPTIMIZATION_LEVEL = 0;
				GCC_PREPROCESSOR_DEFINITIONS = (
					"$(inherited)",
					"DEBUG=1",
				);
				GCC_WARN_64_TO_32_BIT_CONVERSION = YES;
				GCC_WARN_ABOUT_RETURN_TYPE = YES_ERROR;
				GCC_WARN_UNDECLARED_SELECTOR = YES;
				GCC_WARN_UNINITIALIZED_AUTOS = YES_AGGRESSIVE;
				GCC_WARN_UNUSED_FUNCTION = YES;
				GCC_WARN_UNUSED_VARIABLE = YES;
				MACOSX_DEPLOYMENT_TARGET = 14.0;
				MTL_ENABLE_DEBUG_INFO = INCLUDE_SOURCE;
				MTL_FAST_MATH = YES;
				ONLY_ACTIVE_ARCH = YES;
				PRODUCT_NAME = "$(TARGET_NAME)";
				SDKROOT = macosx;
				SWIFT_ACTIVE_COMPILATION_CONDITIONS = DEBUG;
				SWIFT_OPTIMIZATION_LEVEL = "-Onone";
				SWIFT_VERSION = 5.0;
			};
			name = Debug;
		};
		1BE3CA16379EFAF74B5AF888 /* Release */ = {
			isa = XCBuildConfiguration;
			buildSettings = {
				ALWAYS_SEARCH_USER_PATHS = NO;
				CLANG_ANALYZER_NONNULL = YES;
				CLANG_ANALYZER_NUMBER_OBJECT_CONVERSION = YES_AGGRESSIVE;
				CLANG_CXX_LANGUAGE_STANDARD = "gnu++14";
				CLANG_CXX_LIBRARY = "libc++";
				CLANG_ENABLE_MODULES = YES;
				CLANG_ENABLE_OBJC_ARC = YES;
				CLANG_ENABLE_OBJC_WEAK = YES;
				CLANG_WARN_BLOCK_CAPTURE_AUTORELEASING = YES;
				CLANG_WARN_BOOL_CONVERSION = YES;
				CLANG_WARN_COMMA = YES;
				CLANG_WARN_CONSTANT_CONVERSION = YES;
				CLANG_WARN_DEPRECATED_OBJC_IMPLEMENTATIONS = YES;
				CLANG_WARN_DIRECT_OBJC_ISA_USAGE = YES_ERROR;
				CLANG_WARN_DOCUMENTATION_COMMENTS = YES;
				CLANG_WARN_EMPTY_BODY = YES;
				CLANG_WARN_ENUM_CONVERSION = YES;
				CLANG_WARN_INFINITE_RECURSION = YES;
				CLANG_WARN_INT_CONVERSION = YES;
				CLANG_WARN_NON_LITERAL_NULL_CONVERSION = YES;
				CLANG_WARN_OBJC_IMPLICIT_RETAIN_SELF = YES;
				CLANG_WARN_OBJC_LITERAL_CONVERSION = YES;
				CLANG_WARN_OBJC_ROOT_CLASS = YES_ERROR;
				CLANG_WARN_QUOTED_INCLUDE_IN_FRAMEWORK_HEADER = YES;
				CLANG_WARN_RANGE_LOOP_ANALYSIS = YES;
				CLANG_WARN_STRICT_PROTOTYPES = YES;
				CLANG_WARN_SUSPICIOUS_MOVE = YES;
				CLANG_WARN_UNGUARDED_AVAILABILITY = YES_AGGRESSIVE;
				CLANG_WARN_UNREACHABLE_CODE = YES;
				CLANG_WARN__DUPLICATE_METHOD_MATCH = YES;
				COPY_PHASE_STRIP = NO;
				DEBUG_INFORMATION_FORMAT = "dwarf-with-dsym";
				ENABLE_NS_ASSERTIONS = NO;
				ENABLE_STRICT_OBJC_MSGSEND = YES;
				GCC_C_LANGUAGE_STANDARD = gnu11;
				GCC_NO_COMMON_BLOCKS = YES;
				GCC_WARN_64_TO_32_BIT_CONVERSION = YES;
				GCC_WARN_ABOUT_RETURN_TYPE = YES_ERROR;
				GCC_WARN_UNDECLARED_SELECTOR = YES;
				GCC_WARN_UNINITIALIZED_AUTOS = YES_AGGRESSIVE;
				GCC_WARN_UNUSED_FUNCTION = YES;
				GCC_WARN_UNUSED_VARIABLE = YES;
				MACOSX_DEPLOYMENT_TARGET = 14.0;
				MTL_ENABLE_DEBUG_INFO = NO;
				MTL_FAST_MATH = YES;
				PRODUCT_NAME = "$(TARGET_NAME)";
				SDKROOT = macosx;
				SWIFT_COMPILATION_MODE = wholemodule;
				SWIFT_OPTIMIZATION_LEVEL = "-O";
				SWIFT_VERSION = 5.0;
			};
			name = Release;
		};
		2B2618619CD466DC5A7E3E91 /* Debug */ = {
			isa = XCBuildConfiguration;
			buildSettings = {
				ASSETCATALOG_COMPILER_APPICON_NAME = AppIcon;
				CODE_SIGN_ENTITLEMENTS = VideoRecorder.entitlements;
				CODE_SIGN_IDENTITY = "-";
				CODE_SIGN_STYLE = Manual;
				COMBINE_HIDPI_IMAGES = YES;
				CURRENT_PROJECT_VERSION = 1;
				DEVELOPMENT_TEAM = 9MA297YYN2;
				ENABLE_HARDENED_RUNTIME = YES;
				FRAMEWORK_SEARCH_PATHS = (
					"$(inherited)",
					"\".\"",
				);
				GENERATE_INFOPLIST_FILE = NO;
				INFOPLIST_FILE = Resources/Info.plist;
				LD_RUNPATH_SEARCH_PATHS = (
					"$(inherited)",
					"@executable_path/../Frameworks",
				);
				MACOSX_DEPLOYMENT_TARGET = 14.0;
				MARKETING_VERSION = 1.0;
				PRODUCT_BUNDLE_IDENTIFIER = com.recepgur.VideoRecorder;
				PRODUCT_MODULE_NAME = FrameMate;
				PRODUCT_NAME = FrameMate;
				PROVISIONING_PROFILE_SPECIFIER = "";
				SDKROOT = macosx;
			};
			name = Debug;
		};
		AA4E2F6DB4A2A8B2566D693B /* Release */ = {
			isa = XCBuildConfiguration;
			buildSettings = {
				BUNDLE_LOADER = "$(TEST_HOST)";
				CODE_SIGN_IDENTITY = "-";
				CODE_SIGN_STYLE = Manual;
				COMBINE_HIDPI_IMAGES = YES;
				GENERATE_INFOPLIST_FILE = YES;
				LD_RUNPATH_SEARCH_PATHS = (
					"$(inherited)",
					"@executable_path/../Frameworks",
					"@loader_path/../Frameworks",
				);
				MACOSX_DEPLOYMENT_TARGET = 14.0;
				PRODUCT_BUNDLE_IDENTIFIER = com.recepgur.FrameMateTests;
				SDKROOT = macosx;
				TEST_HOST = "$(BUILT_PRODUCTS_DIR)/FrameMate.app/Contents/MacOS/FrameMate";
			};
			name = Release;
		};
		BCB6E8D2E48DD85DB6C345A5 /* Release */ = {
			isa = XCBuildConfiguration;
			buildSettings = {
				ASSETCATALOG_COMPILER_APPICON_NAME = AppIcon;
				CODE_SIGN_ENTITLEMENTS = VideoRecorder.entitlements;
				CODE_SIGN_IDENTITY = "Apple Distribution";
				CODE_SIGN_STYLE = Manual;
				COMBINE_HIDPI_IMAGES = YES;
				CURRENT_PROJECT_VERSION = 1;
				DEVELOPMENT_TEAM = 9MA297YYN2;
				ENABLE_HARDENED_RUNTIME = YES;
				FRAMEWORK_SEARCH_PATHS = (
					"$(inherited)",
					"\".\"",
				);
				GENERATE_INFOPLIST_FILE = NO;
				INFOPLIST_FILE = Resources/Info.plist;
				LD_RUNPATH_SEARCH_PATHS = (
					"$(inherited)",
					"@executable_path/../Frameworks",
				);
				MACOSX_DEPLOYMENT_TARGET = 14.0;
				MARKETING_VERSION = 1.0;
				PRODUCT_BUNDLE_IDENTIFIER = com.recepgur.VideoRecorder;
				PRODUCT_MODULE_NAME = FrameMate;
				PRODUCT_NAME = FrameMate;
				PROVISIONING_PROFILE_SPECIFIER = "match AppStore com.recepgur.VideoRecorder macos";
				SDKROOT = macosx;
			};
			name = Release;
		};
		E20AB85850D646A4D724ECFC /* Debug */ = {
			isa = XCBuildConfiguration;
			buildSettings = {
				BUNDLE_LOADER = "$(TEST_HOST)";
				CODE_SIGN_IDENTITY = "-";
				CODE_SIGN_STYLE = Manual;
				COMBINE_HIDPI_IMAGES = YES;
				GENERATE_INFOPLIST_FILE = YES;
				LD_RUNPATH_SEARCH_PATHS = (
					"$(inherited)",
					"@executable_path/../Frameworks",
					"@loader_path/../Frameworks",
				);
				MACOSX_DEPLOYMENT_TARGET = 14.0;
				PRODUCT_BUNDLE_IDENTIFIER = com.recepgur.FrameMateTests;
				SDKROOT = macosx;
				TEST_HOST = "$(BUILT_PRODUCTS_DIR)/FrameMate.app/Contents/MacOS/FrameMate";
			};
			name = Debug;
		};
/* End XCBuildConfiguration section */

/* Begin XCConfigurationList section */
		000D32F1E87D52D5FF08B0BF /* Build configuration list for PBXNativeTarget "FrameMate" */ = {
			isa = XCConfigurationList;
			buildConfigurations = (
				2B2618619CD466DC5A7E3E91 /* Debug */,
				BCB6E8D2E48DD85DB6C345A5 /* Release */,
			);
			defaultConfigurationIsVisible = 0;
			defaultConfigurationName = Debug;
		};
		AD28D64595DFCE5924F7E338 /* Build configuration list for PBXNativeTarget "FrameMateTests" */ = {
			isa = XCConfigurationList;
			buildConfigurations = (
				E20AB85850D646A4D724ECFC /* Debug */,
				AA4E2F6DB4A2A8B2566D693B /* Release */,
			);
			defaultConfigurationIsVisible = 0;
			defaultConfigurationName = Debug;
		};
		C2C0997C517EC6154855AFD2 /* Build configuration list for PBXProject "VideoRecorder" */ = {
			isa = XCConfigurationList;
			buildConfigurations = (
				11D4EA74F961449D9B0B0A52 /* Debug */,
				1BE3CA16379EFAF74B5AF888 /* Release */,
			);
			defaultConfigurationIsVisible = 0;
			defaultConfigurationName = Debug;
		};
/* End XCConfigurationList section */
	};
	rootObject = 4ACFF952F1004B008FEFBBE5 /* Project object */;
}
